
Microsoft Visual Studio Solution File, Format Version 12.00
# Visual Studio Version 17
Project("{8BC9CEB8-8B4A-11D0-8D11-00A0C91BC942}") = "ALL_BUILD", "ALL_BUILD.vcxproj", "{69A01F49-0684-3CF2-8A09-F3AE29375931}"
	ProjectSection(ProjectDependencies) = postProject
		{9817F2E5-9D2D-351D-A040-0D266D9E4330} = {9817F2E5-9D2D-351D-A040-0D266D9E4330}
		{24019545-6D93-3A2C-A307-B8C527397E98} = {24019545-6D93-3A2C-A307-B8C527397E98}
	EndProjectSection
EndProject
Project("{8BC9CEB8-8B4A-11D0-8D11-00A0C91BC942}") = "ZERO_CHECK", "ZERO_CHECK.vcxproj", "{9817F2E5-9D2D-351D-A040-0D266D9E4330}"
	ProjectSection(ProjectDependencies) = postProject
	EndProjectSection
EndProject
Project("{8BC9CEB8-8B4A-11D0-8D11-00A0C91BC942}") = "proj", "proj.vcxproj", "{24019545-6D93-3A2C-A307-B8C527397E98}"
	ProjectSection(ProjectDependencies) = postProject
		{9817F2E5-9D2D-351D-A040-0D266D9E4330} = {9817F2E5-9D2D-351D-A040-0D266D9E4330}
	EndProjectSection
EndProject
Global
	GlobalSection(SolutionConfigurationPlatforms) = preSolution
		Debug|x64 = Debug|x64
		Release|x64 = Release|x64
		MinSizeRel|x64 = MinSizeRel|x64
		RelWithDebInfo|x64 = RelWithDebInfo|x64
	EndGlobalSection
	GlobalSection(ProjectConfigurationPlatforms) = postSolution
		{69A01F49-0684-3CF2-8A09-F3AE29375931}.Debug|x64.ActiveCfg = Debug|x64
		{69A01F49-0684-3CF2-8A09-F3AE29375931}.Release|x64.ActiveCfg = Release|x64
		{69A01F49-0684-3CF2-8A09-F3AE29375931}.MinSizeRel|x64.ActiveCfg = MinSizeRel|x64
		{69A01F49-0684-3CF2-8A09-F3AE29375931}.RelWithDebInfo|x64.ActiveCfg = RelWithDebInfo|x64
		{9817F2E5-9D2D-351D-A040-0D266D9E4330}.Debug|x64.ActiveCfg = Debug|x64
		{9817F2E5-9D2D-351D-A040-0D266D9E4330}.Debug|x64.Build.0 = Debug|x64
		{9817F2E5-9D2D-351D-A040-0D266D9E4330}.Release|x64.ActiveCfg = Release|x64
		{9817F2E5-9D2D-351D-A040-0D266D9E4330}.Release|x64.Build.0 = Release|x64
		{9817F2E5-9D2D-351D-A040-0D266D9E4330}.MinSizeRel|x64.ActiveCfg = MinSizeRel|x64
		{9817F2E5-9D2D-351D-A040-0D266D9E4330}.MinSizeRel|x64.Build.0 = MinSizeRel|x64
		{9817F2E5-9D2D-351D-A040-0D266D9E4330}.RelWithDebInfo|x64.ActiveCfg = RelWithDebInfo|x64
		{9817F2E5-9D2D-351D-A040-0D266D9E4330}.RelWithDebInfo|x64.Build.0 = RelWithDebInfo|x64
		{24019545-6D93-3A2C-A307-B8C527397E98}.Debug|x64.ActiveCfg = Debug|x64
		{24019545-6D93-3A2C-A307-B8C527397E98}.Debug|x64.Build.0 = Debug|x64
		{24019545-6D93-3A2C-A307-B8C527397E98}.Release|x64.ActiveCfg = Release|x64
		{24019545-6D93-3A2C-A307-B8C527397E98}.Release|x64.Build.0 = Release|x64
		{24019545-6D93-3A2C-A307-B8C527397E98}.MinSizeRel|x64.ActiveCfg = MinSizeRel|x64
		{24019545-6D93-3A2C-A307-B8C527397E98}.MinSizeRel|x64.Build.0 = MinSizeRel|x64
		{24019545-6D93-3A2C-A307-B8C527397E98}.RelWithDebInfo|x64.ActiveCfg = RelWithDebInfo|x64
		{24019545-6D93-3A2C-A307-B8C527397E98}.RelWithDebInfo|x64.Build.0 = RelWithDebInfo|x64
	EndGlobalSection
	GlobalSection(ExtensibilityGlobals) = postSolution
		SolutionGuid = {876F0E44-37CC-3D36-BD5C-5195D12E712F}
	EndGlobalSection
	GlobalSection(ExtensibilityAddIns) = postSolution
	EndGlobalSection
EndGlobal
